
Microsoft Visual Studio Solution File, Format Version 12.00
# Visual Studio 14
VisualStudioVersion = 14.0.23107.0
MinimumVisualStudioVersion = 10.0.40219.1
Project("{2150E333-8FDC-42A3-9474-1A3956D46DE8}") = "README", "README", "{082806E5-12EC-4DD4-8C82-500CCD49CCC2}"
	ProjectSection(SolutionItems) = preProject
		..\README.md = ..\README.md
	EndProjectSection
EndProject
Project("{2150E333-8FDC-42A3-9474-1A3956D46DE8}") = "Lesson 01", "Lesson 01", "{D3979551-4086-4D83-8990-B07B4F5707A5}"
EndProject
Project("{FAE04EC0-301F-11D3-BF4B-00C04F79EFBC}") = "Lesson_01", "Lesson_01\Lesson_01.csproj", "{517D53ED-F6F0-40D8-93FF-4581EEA437CF}"
EndProject
Project("{2150E333-8FDC-42A3-9474-1A3956D46DE8}") = "Lesson 02", "Lesson 02", "{E480D416-8880-4339-AC82-5C4B38F776AC}"
EndProject
Project("{FAE04EC0-301F-11D3-BF4B-00C04F79EFBC}") = "Lesson_02", "Lesson_02\Lesson_02.csproj", "{8365748A-E6CE-4FEA-A2BA-B3D432FE6FF6}"
EndProject
Project("{2150E333-8FDC-42A3-9474-1A3956D46DE8}") = "Lesson 03", "Lesson 03", "{9A3682D5-99DC-4377-A844-CB7A02C939E3}"
EndProject
Project("{FAE04EC0-301F-11D3-BF4B-00C04F79EFBC}") = "Lesson_03", "Lesson_03\Lesson_03.csproj", "{4ED8E779-7002-444A-9B06-DEB641B5F2D2}"
EndProject
Project("{2150E333-8FDC-42A3-9474-1A3956D46DE8}") = "Lesson 04", "Lesson 04", "{51EB9757-5397-414B-A587-8C19D0EF926A}"
EndProject
Project("{FAE04EC0-301F-11D3-BF4B-00C04F79EFBC}") = "Lesson_04", "Lesson_04\Lesson_04.csproj", "{668C408A-7ED2-4CF1-A920-40BA481D871E}"
EndProject
Project("{2150E333-8FDC-42A3-9474-1A3956D46DE8}") = "Lesson 06", "Lesson 06", "{B6408ADD-CEC4-41F4-A7FD-CC66DCC17400}"
EndProject
Project("{FAE04EC0-301F-11D3-BF4B-00C04F79EFBC}") = "Lesson_06", "Lesson_06\Lesson_06.csproj", "{F8C068A3-3F0B-4F8D-B749-3070305FE36A}"
EndProject
Global
	GlobalSection(SolutionConfigurationPlatforms) = preSolution
		Debug|ARM = Debug|ARM
		Debug|x64 = Debug|x64
		Debug|x86 = Debug|x86
		Release|ARM = Release|ARM
		Release|x64 = Release|x64
		Release|x86 = Release|x86
	EndGlobalSection
	GlobalSection(ProjectConfigurationPlatforms) = postSolution
		{517D53ED-F6F0-40D8-93FF-4581EEA437CF}.Debug|ARM.ActiveCfg = Debug|ARM
		{517D53ED-F6F0-40D8-93FF-4581EEA437CF}.Debug|ARM.Build.0 = Debug|ARM
		{517D53ED-F6F0-40D8-93FF-4581EEA437CF}.Debug|ARM.Deploy.0 = Debug|ARM
		{517D53ED-F6F0-40D8-93FF-4581EEA437CF}.Debug|x64.ActiveCfg = Debug|x64
		{517D53ED-F6F0-40D8-93FF-4581EEA437CF}.Debug|x64.Build.0 = Debug|x64
		{517D53ED-F6F0-40D8-93FF-4581EEA437CF}.Debug|x64.Deploy.0 = Debug|x64
		{517D53ED-F6F0-40D8-93FF-4581EEA437CF}.Debug|x86.ActiveCfg = Debug|x86
		{517D53ED-F6F0-40D8-93FF-4581EEA437CF}.Debug|x86.Build.0 = Debug|x86
		{517D53ED-F6F0-40D8-93FF-4581EEA437CF}.Debug|x86.Deploy.0 = Debug|x86
		{517D53ED-F6F0-40D8-93FF-4581EEA437CF}.Release|ARM.ActiveCfg = Release|ARM
		{517D53ED-F6F0-40D8-93FF-4581EEA437CF}.Release|ARM.Build.0 = Release|ARM
		{517D53ED-F6F0-40D8-93FF-4581EEA437CF}.Release|ARM.Deploy.0 = Release|ARM
		{517D53ED-F6F0-40D8-93FF-4581EEA437CF}.Release|x64.ActiveCfg = Release|x64
		{517D53ED-F6F0-40D8-93FF-4581EEA437CF}.Release|x64.Build.0 = Release|x64
		{517D53ED-F6F0-40D8-93FF-4581EEA437CF}.Release|x64.Deploy.0 = Release|x64
		{517D53ED-F6F0-40D8-93FF-4581EEA437CF}.Release|x86.ActiveCfg = Release|x86
		{517D53ED-F6F0-40D8-93FF-4581EEA437CF}.Release|x86.Build.0 = Release|x86
		{517D53ED-F6F0-40D8-93FF-4581EEA437CF}.Release|x86.Deploy.0 = Release|x86
		{8365748A-E6CE-4FEA-A2BA-B3D432FE6FF6}.Debug|ARM.ActiveCfg = Debug|ARM
		{8365748A-E6CE-4FEA-A2BA-B3D432FE6FF6}.Debug|ARM.Build.0 = Debug|ARM
		{8365748A-E6CE-4FEA-A2BA-B3D432FE6FF6}.Debug|ARM.Deploy.0 = Debug|ARM
		{8365748A-E6CE-4FEA-A2BA-B3D432FE6FF6}.Debug|x64.ActiveCfg = Debug|x64
		{8365748A-E6CE-4FEA-A2BA-B3D432FE6FF6}.Debug|x64.Build.0 = Debug|x64
		{8365748A-E6CE-4FEA-A2BA-B3D432FE6FF6}.Debug|x64.Deploy.0 = Debug|x64
		{8365748A-E6CE-4FEA-A2BA-B3D432FE6FF6}.Debug|x86.ActiveCfg = Debug|x86
		{8365748A-E6CE-4FEA-A2BA-B3D432FE6FF6}.Debug|x86.Build.0 = Debug|x86
		{8365748A-E6CE-4FEA-A2BA-B3D432FE6FF6}.Debug|x86.Deploy.0 = Debug|x86
		{8365748A-E6CE-4FEA-A2BA-B3D432FE6FF6}.Release|ARM.ActiveCfg = Release|ARM
		{8365748A-E6CE-4FEA-A2BA-B3D432FE6FF6}.Release|ARM.Build.0 = Release|ARM
		{8365748A-E6CE-4FEA-A2BA-B3D432FE6FF6}.Release|ARM.Deploy.0 = Release|ARM
		{8365748A-E6CE-4FEA-A2BA-B3D432FE6FF6}.Release|x64.ActiveCfg = Release|x64
		{8365748A-E6CE-4FEA-A2BA-B3D432FE6FF6}.Release|x64.Build.0 = Release|x64
		{8365748A-E6CE-4FEA-A2BA-B3D432FE6FF6}.Release|x64.Deploy.0 = Release|x64
		{8365748A-E6CE-4FEA-A2BA-B3D432FE6FF6}.Release|x86.ActiveCfg = Release|x86
		{8365748A-E6CE-4FEA-A2BA-B3D432FE6FF6}.Release|x86.Build.0 = Release|x86
		{8365748A-E6CE-4FEA-A2BA-B3D432FE6FF6}.Release|x86.Deploy.0 = Release|x86
		{4ED8E779-7002-444A-9B06-DEB641B5F2D2}.Debug|ARM.ActiveCfg = Debug|ARM
		{4ED8E779-7002-444A-9B06-DEB641B5F2D2}.Debug|ARM.Build.0 = Debug|ARM
		{4ED8E779-7002-444A-9B06-DEB641B5F2D2}.Debug|ARM.Deploy.0 = Debug|ARM
		{4ED8E779-7002-444A-9B06-DEB641B5F2D2}.Debug|x64.ActiveCfg = Debug|x64
		{4ED8E779-7002-444A-9B06-DEB641B5F2D2}.Debug|x64.Build.0 = Debug|x64
		{4ED8E779-7002-444A-9B06-DEB641B5F2D2}.Debug|x64.Deploy.0 = Debug|x64
		{4ED8E779-7002-444A-9B06-DEB641B5F2D2}.Debug|x86.ActiveCfg = Debug|x86
		{4ED8E779-7002-444A-9B06-DEB641B5F2D2}.Debug|x86.Build.0 = Debug|x86
		{4ED8E779-7002-444A-9B06-DEB641B5F2D2}.Debug|x86.Deploy.0 = Debug|x86
		{4ED8E779-7002-444A-9B06-DEB641B5F2D2}.Release|ARM.ActiveCfg = Release|ARM
		{4ED8E779-7002-444A-9B06-DEB641B5F2D2}.Release|ARM.Build.0 = Release|ARM
		{4ED8E779-7002-444A-9B06-DEB641B5F2D2}.Release|ARM.Deploy.0 = Release|ARM
		{4ED8E779-7002-444A-9B06-DEB641B5F2D2}.Release|x64.ActiveCfg = Release|x64
		{4ED8E779-7002-444A-9B06-DEB641B5F2D2}.Release|x64.Build.0 = Release|x64
		{4ED8E779-7002-444A-9B06-DEB641B5F2D2}.Release|x64.Deploy.0 = Release|x64
		{4ED8E779-7002-444A-9B06-DEB641B5F2D2}.Release|x86.ActiveCfg = Release|x86
		{4ED8E779-7002-444A-9B06-DEB641B5F2D2}.Release|x86.Build.0 = Release|x86
		{4ED8E779-7002-444A-9B06-DEB641B5F2D2}.Release|x86.Deploy.0 = Release|x86
		{668C408A-7ED2-4CF1-A920-40BA481D871E}.Debug|ARM.ActiveCfg = Debug|ARM
		{668C408A-7ED2-4CF1-A920-40BA481D871E}.Debug|ARM.Build.0 = Debug|ARM
		{668C408A-7ED2-4CF1-A920-40BA481D871E}.Debug|ARM.Deploy.0 = Debug|ARM
		{668C408A-7ED2-4CF1-A920-40BA481D871E}.Debug|x64.ActiveCfg = Debug|x64
		{668C408A-7ED2-4CF1-A920-40BA481D871E}.Debug|x64.Build.0 = Debug|x64
		{668C408A-7ED2-4CF1-A920-40BA481D871E}.Debug|x64.Deploy.0 = Debug|x64
		{668C408A-7ED2-4CF1-A920-40BA481D871E}.Debug|x86.ActiveCfg = Debug|x86
		{668C408A-7ED2-4CF1-A920-40BA481D871E}.Debug|x86.Build.0 = Debug|x86
		{668C408A-7ED2-4CF1-A920-40BA481D871E}.Debug|x86.Deploy.0 = Debug|x86
		{668C408A-7ED2-4CF1-A920-40BA481D871E}.Release|ARM.ActiveCfg = Release|ARM
		{668C408A-7ED2-4CF1-A920-40BA481D871E}.Release|ARM.Build.0 = Release|ARM
		{668C408A-7ED2-4CF1-A920-40BA481D871E}.Release|ARM.Deploy.0 = Release|ARM
		{668C408A-7ED2-4CF1-A920-40BA481D871E}.Release|x64.ActiveCfg = Release|x64
		{668C408A-7ED2-4CF1-A920-40BA481D871E}.Release|x64.Build.0 = Release|x64
		{668C408A-7ED2-4CF1-A920-40BA481D871E}.Release|x64.Deploy.0 = Release|x64
		{668C408A-7ED2-4CF1-A920-40BA481D871E}.Release|x86.ActiveCfg = Release|x86
		{668C408A-7ED2-4CF1-A920-40BA481D871E}.Release|x86.Build.0 = Release|x86
		{668C408A-7ED2-4CF1-A920-40BA481D871E}.Release|x86.Deploy.0 = Release|x86
		{F8C068A3-3F0B-4F8D-B749-3070305FE36A}.Debug|ARM.ActiveCfg = Debug|ARM
		{F8C068A3-3F0B-4F8D-B749-3070305FE36A}.Debug|ARM.Build.0 = Debug|ARM
		{F8C068A3-3F0B-4F8D-B749-3070305FE36A}.Debug|ARM.Deploy.0 = Debug|ARM
		{F8C068A3-3F0B-4F8D-B749-3070305FE36A}.Debug|x64.ActiveCfg = Debug|x64
		{F8C068A3-3F0B-4F8D-B749-3070305FE36A}.Debug|x64.Build.0 = Debug|x64
		{F8C068A3-3F0B-4F8D-B749-3070305FE36A}.Debug|x64.Deploy.0 = Debug|x64
		{F8C068A3-3F0B-4F8D-B749-3070305FE36A}.Debug|x86.ActiveCfg = Debug|x86
		{F8C068A3-3F0B-4F8D-B749-3070305FE36A}.Debug|x86.Build.0 = Debug|x86
		{F8C068A3-3F0B-4F8D-B749-3070305FE36A}.Debug|x86.Deploy.0 = Debug|x86
		{F8C068A3-3F0B-4F8D-B749-3070305FE36A}.Release|ARM.ActiveCfg = Release|ARM
		{F8C068A3-3F0B-4F8D-B749-3070305FE36A}.Release|ARM.Build.0 = Release|ARM
		{F8C068A3-3F0B-4F8D-B749-3070305FE36A}.Release|ARM.Deploy.0 = Release|ARM
		{F8C068A3-3F0B-4F8D-B749-3070305FE36A}.Release|x64.ActiveCfg = Release|x64
		{F8C068A3-3F0B-4F8D-B749-3070305FE36A}.Release|x64.Build.0 = Release|x64
		{F8C068A3-3F0B-4F8D-B749-3070305FE36A}.Release|x64.Deploy.0 = Release|x64
		{F8C068A3-3F0B-4F8D-B749-3070305FE36A}.Release|x86.ActiveCfg = Release|x86
		{F8C068A3-3F0B-4F8D-B749-3070305FE36A}.Release|x86.Build.0 = Release|x86
		{F8C068A3-3F0B-4F8D-B749-3070305FE36A}.Release|x86.Deploy.0 = Release|x86
	EndGlobalSection
	GlobalSection(SolutionProperties) = preSolution
		HideSolutionNode = FALSE
	EndGlobalSection
	GlobalSection(NestedProjects) = preSolution
		{517D53ED-F6F0-40D8-93FF-4581EEA437CF} = {D3979551-4086-4D83-8990-B07B4F5707A5}
		{8365748A-E6CE-4FEA-A2BA-B3D432FE6FF6} = {E480D416-8880-4339-AC82-5C4B38F776AC}
		{4ED8E779-7002-444A-9B06-DEB641B5F2D2} = {9A3682D5-99DC-4377-A844-CB7A02C939E3}
		{668C408A-7ED2-4CF1-A920-40BA481D871E} = {51EB9757-5397-414B-A587-8C19D0EF926A}
		{F8C068A3-3F0B-4F8D-B749-3070305FE36A} = {B6408ADD-CEC4-41F4-A7FD-CC66DCC17400}
	EndGlobalSection
EndGlobal
